// !$*UTF8*$!
{
	archiveVersion = 1;
	classes = {
	};
	objectVersion = 56;
	objects = {

/* Begin PBXBuildFile section */
		C83CDA7E2913C607000494B1 /* AppDelegate.swift in Sources */ = {isa = PBXBuildFile; fileRef = C83CDA7D2913C607000494B1 /* AppDelegate.swift */; };
		C83CDA802913C607000494B1 /* SceneDelegate.swift in Sources */ = {isa = PBXBuildFile; fileRef = C83CDA7F2913C607000494B1 /* SceneDelegate.swift */; };
		C83CDA822913C607000494B1 /* WeatherViewController.swift in Sources */ = {isa = PBXBuildFile; fileRef = C83CDA812913C607000494B1 /* WeatherViewController.swift */; };
		C83CDA852913C607000494B1 /* Main.storyboard in Resources */ = {isa = PBXBuildFile; fileRef = C83CDA832913C607000494B1 /* Main.storyboard */; };
		C83CDA872913C608000494B1 /* Assets.xcassets in Resources */ = {isa = PBXBuildFile; fileRef = C83CDA862913C608000494B1 /* Assets.xcassets */; };
		C83CDA8A2913C608000494B1 /* LaunchScreen.storyboard in Resources */ = {isa = PBXBuildFile; fileRef = C83CDA882913C608000494B1 /* LaunchScreen.storyboard */; };
		C8A1261C29238C8900D9DEDA /* WeatherModel.swift in Sources */ = {isa = PBXBuildFile; fileRef = C8A1261B29238C8900D9DEDA /* WeatherModel.swift */; };
		C8A1261F29238CB000D9DEDA /* WeatherData.swift in Sources */ = {isa = PBXBuildFile; fileRef = C8A1261E29238CB000D9DEDA /* WeatherData.swift */; };
		C8A1262129238CCC00D9DEDA /* WeatherManager.swift in Sources */ = {isa = PBXBuildFile; fileRef = C8A1262029238CCC00D9DEDA /* WeatherManager.swift */; };
		C8A1262329238CF400D9DEDA /* APIKey.swift in Sources */ = {isa = PBXBuildFile; fileRef = C8A1262229238CF400D9DEDA /* APIKey.swift */; };
		C8A1262529238D4F00D9DEDA /* Constants.swift in Sources */ = {isa = PBXBuildFile; fileRef = C8A1262429238D4F00D9DEDA /* Constants.swift */; };
/* End PBXBuildFile section */

/* Begin PBXFileReference section */
		C83CDA7A2913C607000494B1 /* myWeather.app */ = {isa = PBXFileReference; explicitFileType = wrapper.application; includeInIndex = 0; path = myWeather.app; sourceTree = BUILT_PRODUCTS_DIR; };
		C83CDA7D2913C607000494B1 /* AppDelegate.swift */ = {isa = PBXFileReference; lastKnownFileType = sourcecode.swift; path = AppDelegate.swift; sourceTree = "<group>"; };
		C83CDA7F2913C607000494B1 /* SceneDelegate.swift */ = {isa = PBXFileReference; lastKnownFileType = sourcecode.swift; path = SceneDelegate.swift; sourceTree = "<group>"; };
		C83CDA812913C607000494B1 /* WeatherViewController.swift */ = {isa = PBXFileReference; lastKnownFileType = sourcecode.swift; path = WeatherViewController.swift; sourceTree = "<group>"; };
		C83CDA842913C607000494B1 /* Base */ = {isa = PBXFileReference; lastKnownFileType = file.storyboard; name = Base; path = Base.lproj/Main.storyboard; sourceTree = "<group>"; };
		C83CDA862913C608000494B1 /* Assets.xcassets */ = {isa = PBXFileReference; lastKnownFileType = folder.assetcatalog; path = Assets.xcassets; sourceTree = "<group>"; };
		C83CDA892913C608000494B1 /* Base */ = {isa = PBXFileReference; lastKnownFileType = file.storyboard; name = Base; path = Base.lproj/LaunchScreen.storyboard; sourceTree = "<group>"; };
		C83CDA8B2913C608000494B1 /* Info.plist */ = {isa = PBXFileReference; lastKnownFileType = text.plist.xml; path = Info.plist; sourceTree = "<group>"; };
		C8A1261B29238C8900D9DEDA /* WeatherModel.swift */ = {isa = PBXFileReference; lastKnownFileType = sourcecode.swift; path = WeatherModel.swift; sourceTree = "<group>"; };
		C8A1261E29238CB000D9DEDA /* WeatherData.swift */ = {isa = PBXFileReference; lastKnownFileType = sourcecode.swift; path = WeatherData.swift; sourceTree = "<group>"; };
		C8A1262029238CCC00D9DEDA /* WeatherManager.swift */ = {isa = PBXFileReference; lastKnownFileType = sourcecode.swift; path = WeatherManager.swift; sourceTree = "<group>"; };
		C8A1262229238CF400D9DEDA /* APIKey.swift */ = {isa = PBXFileReference; lastKnownFileType = sourcecode.swift; path = APIKey.swift; sourceTree = "<group>"; };
		C8A1262429238D4F00D9DEDA /* Constants.swift */ = {isa = PBXFileReference; lastKnownFileType = sourcecode.swift; path = Constants.swift; sourceTree = "<group>"; };
/* End PBXFileReference section */

/* Begin PBXFrameworksBuildPhase section */
		C83CDA772913C607000494B1 /* Frameworks */ = {
			isa = PBXFrameworksBuildPhase;
			buildActionMask = 2147483647;
			files = (
			);
			runOnlyForDeploymentPostprocessing = 0;
		};
/* End PBXFrameworksBuildPhase section */

/* Begin PBXGroup section */
		C83CDA712913C607000494B1 = {
			isa = PBXGroup;
			children = (
				C83CDA7C2913C607000494B1 /* myWeather */,
				C83CDA7B2913C607000494B1 /* Products */,
			);
			sourceTree = "<group>";
		};
		C83CDA7B2913C607000494B1 /* Products */ = {
			isa = PBXGroup;
			children = (
				C83CDA7A2913C607000494B1 /* myWeather.app */,
			);
			name = Products;
			sourceTree = "<group>";
		};
		C83CDA7C2913C607000494B1 /* myWeather */ = {
			isa = PBXGroup;
			children = (
				C83CDA7D2913C607000494B1 /* AppDelegate.swift */,
				C83CDA7F2913C607000494B1 /* SceneDelegate.swift */,
				C8A1261D29238C8F00D9DEDA /* Model */,
				C8A1261A29238C6A00D9DEDA /* Controller */,
				C83CDA832913C607000494B1 /* Main.storyboard */,
				C8A1262429238D4F00D9DEDA /* Constants.swift */,
				C8A1262229238CF400D9DEDA /* APIKey.swift */,
				C83CDA862913C608000494B1 /* Assets.xcassets */,
				C83CDA882913C608000494B1 /* LaunchScreen.storyboard */,
				C83CDA8B2913C608000494B1 /* Info.plist */,
			);
			path = myWeather;
			sourceTree = "<group>";
		};
		C8A1261A29238C6A00D9DEDA /* Controller */ = {
			isa = PBXGroup;
			children = (
				C83CDA812913C607000494B1 /* WeatherViewController.swift */,
			);
			path = Controller;
			sourceTree = "<group>";
		};
		C8A1261D29238C8F00D9DEDA /* Model */ = {
			isa = PBXGroup;
			children = (
				C8A1261B29238C8900D9DEDA /* WeatherModel.swift */,
				C8A1261E29238CB000D9DEDA /* WeatherData.swift */,
				C8A1262029238CCC00D9DEDA /* WeatherManager.swift */,
			);
			path = Model;
			sourceTree = "<group>";
		};
/* End PBXGroup section */

/* Begin PBXNativeTarget section */
		C83CDA792913C607000494B1 /* myWeather */ = {
			isa = PBXNativeTarget;
			buildConfigurationList = C83CDA8E2913C608000494B1 /* Build configuration list for PBXNativeTarget "myWeather" */;
			buildPhases = (
				C83CDA762913C607000494B1 /* Sources */,
				C83CDA772913C607000494B1 /* Frameworks */,
				C83CDA782913C607000494B1 /* Resources */,
			);
			buildRules = (
			);
			dependencies = (
			);
			name = myWeather;
			productName = myWeather;
			productReference = C83CDA7A2913C607000494B1 /* myWeather.app */;
			productType = "com.apple.product-type.application";
		};
/* End PBXNativeTarget section */

/* Begin PBXProject section */
		C83CDA722913C607000494B1 /* Project object */ = {
			isa = PBXProject;
			attributes = {
				BuildIndependentTargetsInParallel = 1;
				LastSwiftUpdateCheck = 1400;
				LastUpgradeCheck = 1400;
				TargetAttributes = {
					C83CDA792913C607000494B1 = {
						CreatedOnToolsVersion = 14.0.1;
					};
				};
			};
			buildConfigurationList = C83CDA752913C607000494B1 /* Build configuration list for PBXProject "myWeather" */;
			compatibilityVersion = "Xcode 14.0";
			developmentRegion = en;
			hasScannedForEncodings = 0;
			knownRegions = (
				en,
				Base,
			);
			mainGroup = C83CDA712913C607000494B1;
			productRefGroup = C83CDA7B2913C607000494B1 /* Products */;
			projectDirPath = "";
			projectRoot = "";
			targets = (
				C83CDA792913C607000494B1 /* myWeather */,
			);
		};
/* End PBXProject section */

/* Begin PBXResourcesBuildPhase section */
		C83CDA782913C607000494B1 /* Resources */ = {
			isa = PBXResourcesBuildPhase;
			buildActionMask = 2147483647;
			files = (
				C83CDA8A2913C608000494B1 /* LaunchScreen.storyboard in Resources */,
				C83CDA872913C608000494B1 /* Assets.xcassets in Resources */,
				C83CDA852913C607000494B1 /* Main.storyboard in Resources */,
			);
			runOnlyForDeploymentPostprocessing = 0;
		};
/* End PBXResourcesBuildPhase section */

/* Begin PBXSourcesBuildPhase section */
		C83CDA762913C607000494B1 /* Sources */ = {
			isa = PBXSourcesBuildPhase;
			buildActionMask = 2147483647;
			files = (
				C8A1262129238CCC00D9DEDA /* WeatherManager.swift in Sources */,
				C8A1262329238CF400D9DEDA /* APIKey.swift in Sources */,
				C83CDA822913C607000494B1 /* WeatherViewController.swift in Sources */,
				C8A1261F29238CB000D9DEDA /* WeatherData.swift in Sources */,
				C83CDA7E2913C607000494B1 /* AppDelegate.swift in Sources */,
				C8A1261C29238C8900D9DEDA /* WeatherModel.swift in Sources */,
				C83CDA802913C607000494B1 /* SceneDelegate.swift in Sources */,
				C8A1262529238D4F00D9DEDA /* Constants.swift in Sources */,
			);
			runOnlyForDeploymentPostprocessing = 0;
		};
/* End PBXSourcesBuildPhase section */

/* Begin PBXVariantGroup section */
		C83CDA832913C607000494B1 /* Main.storyboard */ = {
			isa = PBXVariantGroup;
			children = (
				C83CDA842913C607000494B1 /* Base */,
			);
			name = Main.storyboard;
			sourceTree = "<group>";
		};
		C83CDA882913C608000494B1 /* LaunchScreen.storyboard */ = {
			isa = PBXVariantGroup;
			children = (
				C83CDA892913C608000494B1 /* Base */,
			);
			name = LaunchScreen.storyboard;
			sourceTree = "<group>";
		};
/* End PBXVariantGroup section */

/* Begin XCBuildConfiguration section */
		C83CDA8C2913C608000494B1 /* Debug */ = {
			isa = XCBuildConfiguration;
			buildSettings = {
				ALWAYS_SEARCH_USER_PATHS = NO;
				CLANG_ANALYZER_NONNULL = YES;
				CLANG_ANALYZER_NUMBER_OBJECT_CONVERSION = YES_AGGRESSIVE;
				CLANG_CXX_LANGUAGE_STANDARD = "gnu++20";
				CLANG_ENABLE_MODULES = YES;
				CLANG_ENABLE_OBJC_ARC = YES;
				CLANG_ENABLE_OBJC_WEAK = YES;
				CLANG_WARN_BLOCK_CAPTURE_AUTORELEASING = YES;
				CLANG_WARN_BOOL_CONVERSION = YES;
				CLANG_WARN_COMMA = YES;
				CLANG_WARN_CONSTANT_CONVERSION = YES;
				CLANG_WARN_DEPRECATED_OBJC_IMPLEMENTATIONS = YES;
				CLANG_WARN_DIRECT_OBJC_ISA_USAGE = YES_ERROR;
				CLANG_WARN_DOCUMENTATION_COMMENTS = YES;
				CLANG_WARN_EMPTY_BODY = YES;
				CLANG_WARN_ENUM_CONVERSION = YES;
				CLANG_WARN_INFINITE_RECURSION = YES;
				CLANG_WARN_INT_CONVERSION = YES;
				CLANG_WARN_NON_LITERAL_NULL_CONVERSION = YES;
				CLANG_WARN_OBJC_IMPLICIT_RETAIN_SELF = YES;
				CLANG_WARN_OBJC_LITERAL_CONVERSION = YES;
				CLANG_WARN_OBJC_ROOT_CLASS = YES_ERROR;
				CLANG_WARN_QUOTED_INCLUDE_IN_FRAMEWORK_HEADER = YES;
				CLANG_WARN_RANGE_LOOP_ANALYSIS = YES;
				CLANG_WARN_STRICT_PROTOTYPES = YES;
				CLANG_WARN_SUSPICIOUS_MOVE = YES;
				CLANG_WARN_UNGUARDED_AVAILABILITY = YES_AGGRESSIVE;
				CLANG_WARN_UNREACHABLE_CODE = YES;
				CLANG_WARN__DUPLICATE_METHOD_MATCH = YES;
				COPY_PHASE_STRIP = NO;
				DEBUG_INFORMATION_FORMAT = dwarf;
				ENABLE_STRICT_OBJC_MSGSEND = YES;
				ENABLE_TESTABILITY = YES;
				GCC_C_LANGUAGE_STANDARD = gnu11;
				GCC_DYNAMIC_NO_PIC = NO;
				GCC_NO_COMMON_BLOCKS = YES;
				GCC_OPTIMIZATION_LEVEL = 0;
				GCC_PREPROCESSOR_DEFINITIONS = (
					"DEBUG=1",
					"$(inherited)",
				);
				GCC_WARN_64_TO_32_BIT_CONVERSION = YES;
				GCC_WARN_ABOUT_RETURN_TYPE = YES_ERROR;
				GCC_WARN_UNDECLARED_SELECTOR = YES;
				GCC_WARN_UNINITIALIZED_AUTOS = YES_AGGRESSIVE;
				GCC_WARN_UNUSED_FUNCTION = YES;
				GCC_WARN_UNUSED_VARIABLE = YES;
				IPHONEOS_DEPLOYMENT_TARGET = 16.0;
				MTL_ENABLE_DEBUG_INFO = INCLUDE_SOURCE;
				MTL_FAST_MATH = YES;
				ONLY_ACTIVE_ARCH = YES;
				SDKROOT = iphoneos;
				SWIFT_ACTIVE_COMPILATION_CONDITIONS = DEBUG;
				SWIFT_OPTIMIZATION_LEVEL = "-Onone";
			};
			name = Debug;
		};
		C83CDA8D2913C608000494B1 /* Release */ = {
			isa = XCBuildConfiguration;
			buildSettings = {
				ALWAYS_SEARCH_USER_PATHS = NO;
				CLANG_ANALYZER_NONNULL = YES;
				CLANG_ANALYZER_NUMBER_OBJECT_CONVERSION = YES_AGGRESSIVE;
				CLANG_CXX_LANGUAGE_STANDARD = "gnu++20";
				CLANG_ENABLE_MODULES = YES;
				CLANG_ENABLE_OBJC_ARC = YES;
				CLANG_ENABLE_OBJC_WEAK = YES;
				CLANG_WARN_BLOCK_CAPTURE_AUTORELEASING = YES;
				CLANG_WARN_BOOL_CONVERSION = YES;
				CLANG_WARN_COMMA = YES;
				CLANG_WARN_CONSTANT_CONVERSION = YES;
				CLANG_WARN_DEPRECATED_OBJC_IMPLEMENTATIONS = YES;
				CLANG_WARN_DIRECT_OBJC_ISA_USAGE = YES_ERROR;
				CLANG_WARN_DOCUMENTATION_COMMENTS = YES;
				CLANG_WARN_EMPTY_BODY = YES;
				CLANG_WARN_ENUM_CONVERSION = YES;
				CLANG_WARN_INFINITE_RECURSION = YES;
				CLANG_WARN_INT_CONVERSION = YES;
				CLANG_WARN_NON_LITERAL_NULL_CONVERSION = YES;
				CLANG_WARN_OBJC_IMPLICIT_RETAIN_SELF = YES;
				CLANG_WARN_OBJC_LITERAL_CONVERSION = YES;
				CLANG_WARN_OBJC_ROOT_CLASS = YES_ERROR;
				CLANG_WARN_QUOTED_INCLUDE_IN_FRAMEWORK_HEADER = YES;
				CLANG_WARN_RANGE_LOOP_ANALYSIS = YES;
				CLANG_WARN_STRICT_PROTOTYPES = YES;
				CLANG_WARN_SUSPICIOUS_MOVE = YES;
				CLANG_WARN_UNGUARDED_AVAILABILITY = YES_AGGRESSIVE;
				CLANG_WARN_UNREACHABLE_CODE = YES;
				CLANG_WARN__DUPLICATE_METHOD_MATCH = YES;
				COPY_PHASE_STRIP = NO;
				DEBUG_INFORMATION_FORMAT = "dwarf-with-dsym";
				ENABLE_NS_ASSERTIONS = NO;
				ENABLE_STRICT_OBJC_MSGSEND = YES;
				GCC_C_LANGUAGE_STANDARD = gnu11;
				GCC_NO_COMMON_BLOCKS = YES;
				GCC_WARN_64_TO_32_BIT_CONVERSION = YES;
				GCC_WARN_ABOUT_RETURN_TYPE = YES_ERROR;
				GCC_WARN_UNDECLARED_SELECTOR = YES;
				GCC_WARN_UNINITIALIZED_AUTOS = YES_AGGRESSIVE;
				GCC_WARN_UNUSED_FUNCTION = YES;
				GCC_WARN_UNUSED_VARIABLE = YES;
				IPHONEOS_DEPLOYMENT_TARGET = 16.0;
				MTL_ENABLE_DEBUG_INFO = NO;
				MTL_FAST_MATH = YES;
				SDKROOT = iphoneos;
				SWIFT_COMPILATION_MODE = wholemodule;
				SWIFT_OPTIMIZATION_LEVEL = "-O";
				VALIDATE_PRODUCT = YES;
			};
			name = Release;
		};
		C83CDA8F2913C608000494B1 /* Debug */ = {
			isa = XCBuildConfiguration;
			buildSettings = {
				ASSETCATALOG_COMPILER_APPICON_NAME = AppIcon;
				ASSETCATALOG_COMPILER_GLOBAL_ACCENT_COLOR_NAME = AccentColor;
				CODE_SIGN_STYLE = Automatic;
				CURRENT_PROJECT_VERSION = 1;
				DEVELOPMENT_TEAM = 74A473948L;
				GENERATE_INFOPLIST_FILE = YES;
				INFOPLIST_FILE = myWeather/Info.plist;
				INFOPLIST_KEY_CFBundleDisplayName = myWeather;
				INFOPLIST_KEY_LSApplicationCategoryType = "public.app-category.weather";
				INFOPLIST_KEY_UIApplicationSupportsIndirectInputEvents = YES;
				INFOPLIST_KEY_UILaunchStoryboardName = LaunchScreen;
				INFOPLIST_KEY_UIMainStoryboardFile = Main;
				INFOPLIST_KEY_UISupportedInterfaceOrientations = UIInterfaceOrientationPortrait;
				INFOPLIST_KEY_UISupportedInterfaceOrientations_iPad = "UIInterfaceOrientationLandscapeLeft UIInterfaceOrientationLandscapeRight UIInterfaceOrientationPortrait UIInterfaceOrientationPortraitUpsideDown";
				IPHONEOS_DEPLOYMENT_TARGET = 13.0;
				LD_RUNPATH_SEARCH_PATHS = (
					"$(inherited)",
					"@executable_path/Frameworks",
				);
				MARKETING_VERSION = 1.0;
				PRODUCT_BUNDLE_IDENTIFIER = "Vasily-1.myWeather";
				PRODUCT_NAME = "$(TARGET_NAME)";
				SUPPORTED_PLATFORMS = "iphoneos iphonesimulator";
				SUPPORTS_MACCATALYST = NO;
				SUPPORTS_MAC_DESIGNED_FOR_IPHONE_IPAD = NO;
				SWIFT_EMIT_LOC_STRINGS = YES;
				SWIFT_VERSION = 5.0;
				TARGETED_DEVICE_FAMILY = 1;
			};
			name = Debug;
		};
		C83CDA902913C608000494B1 /* Release */ = {
			isa = XCBuildConfiguration;
			buildSettings = {
				ASSETCATALOG_COMPILER_APPICON_NAME = AppIcon;
				ASSETCATALOG_COMPILER_GLOBAL_ACCENT_COLOR_NAME = AccentColor;
				CODE_SIGN_STYLE = Automatic;
				CURRENT_PROJECT_VERSION = 1;
				DEVELOPMENT_TEAM = 74A473948L;
				GENERATE_INFOPLIST_FILE = YES;
				INFOPLIST_FILE = myWeather/Info.plist;
				INFOPLIST_KEY_CFBundleDisplayName = myWeather;
				INFOPLIST_KEY_LSApplicationCategoryType = "public.app-category.weather";
				INFOPLIST_KEY_UIApplicationSupportsIndirectInputEvents = YES;
				INFOPLIST_KEY_UILaunchStoryboardName = LaunchScreen;
				INFOPLIST_KEY_UIMainStoryboardFile = Main;
				INFOPLIST_KEY_UISupportedInterfaceOrientations = UIInterfaceOrientationPortrait;
				INFOPLIST_KEY_UISupportedInterfaceOrientations_iPad = "UIInterfaceOrientationLandscapeLeft UIInterfaceOrientationLandscapeRight UIInterfaceOrientationPortrait UIInterfaceOrientationPortraitUpsideDown";
				IPHONEOS_DEPLOYMENT_TARGET = 13.0;
				LD_RUNPATH_SEARCH_PATHS = (
					"$(inherited)",
					"@executable_path/Frameworks",
				);
				MARKETING_VERSION = 1.0;
				PRODUCT_BUNDLE_IDENTIFIER = "Vasily-1.myWeather";
				PRODUCT_NAME = "$(TARGET_NAME)";
				SUPPORTED_PLATFORMS = "iphoneos iphonesimulator";
				SUPPORTS_MACCATALYST = NO;
				SUPPORTS_MAC_DESIGNED_FOR_IPHONE_IPAD = NO;
				SWIFT_EMIT_LOC_STRINGS = YES;
				SWIFT_VERSION = 5.0;
				TARGETED_DEVICE_FAMILY = 1;
			};
			name = Release;
		};
/* End XCBuildConfiguration section */

/* Begin XCConfigurationList section */
		C83CDA752913C607000494B1 /* Build configuration list for PBXProject "myWeather" */ = {
			isa = XCConfigurationList;
			buildConfigurations = (
				C83CDA8C2913C608000494B1 /* Debug */,
				C83CDA8D2913C608000494B1 /* Release */,
			);
			defaultConfigurationIsVisible = 0;
			defaultConfigurationName = Release;
		};
		C83CDA8E2913C608000494B1 /* Build configuration list for PBXNativeTarget "myWeather" */ = {
			isa = XCConfigurationList;
			buildConfigurations = (
				C83CDA8F2913C608000494B1 /* Debug */,
				C83CDA902913C608000494B1 /* Release */,
			);
			defaultConfigurationIsVisible = 0;
			defaultConfigurationName = Release;
		};
/* End XCConfigurationList section */
	};
	rootObject = C83CDA722913C607000494B1 /* Project object */;
}
